
Microsoft Visual Studio Solution File, Format Version 12.00
# Visual Studio Version 17
VisualStudioVersion = 17.4.33205.214
MinimumVisualStudioVersion = 10.0.40219.1
Project("{FAE04EC0-301F-11D3-BF4B-00C04F79EFBC}") = "VldTenshi.Android", "VldTenshi.Android\VldTenshi.Android.csproj", "{1CACEE09-0395-467E-847F-DF4F0DB321E1}"
EndProject
Project("{FAE04EC0-301F-11D3-BF4B-00C04F79EFBC}") = "VldTenshi.iOS", "VldTenshi.iOS\VldTenshi.iOS.csproj", "{BF8F78A5-6921-4AE3-803E-FF8F76D81CFA}"
EndProject
Project("{9A19103F-16F7-4668-BE54-9A1E7A4F7556}") = "VldTenshi", "VldTenshi\VldTenshi.csproj", "{38A12F3B-315E-4F23-9B3F-ABCC82D3F8C9}"
EndProject
Project("{FAE04EC0-301F-11D3-BF4B-00C04F79EFBC}") = "MVVM.Android", "MVVM\MVVM.Android\MVVM.Android.csproj", "{7CDBA409-AC56-40AD-9620-8CAF55AFBA92}"
EndProject
Project("{FAE04EC0-301F-11D3-BF4B-00C04F79EFBC}") = "MVVM.iOS", "MVVM\MVVM.iOS\MVVM.iOS.csproj", "{77BB9938-CC2E-41A5-88FD-C5C6E844C599}"
EndProject
Project("{FAE04EC0-301F-11D3-BF4B-00C04F79EFBC}") = "MVVM", "MVVM\MVVM\MVVM.csproj", "{C9FBA6AC-593C-43D0-ACD7-6D9A24596830}"
EndProject
Global
	GlobalSection(SolutionConfigurationPlatforms) = preSolution
		Debug|Any CPU = Debug|Any CPU
		Debug|iPhone = Debug|iPhone
		Debug|iPhoneSimulator = Debug|iPhoneSimulator
		Release|Any CPU = Release|Any CPU
		Release|iPhone = Release|iPhone
		Release|iPhoneSimulator = Release|iPhoneSimulator
	EndGlobalSection
	GlobalSection(ProjectConfigurationPlatforms) = postSolution
		{1CACEE09-0395-467E-847F-DF4F0DB321E1}.Debug|Any CPU.ActiveCfg = Debug|Any CPU
		{1CACEE09-0395-467E-847F-DF4F0DB321E1}.Debug|Any CPU.Build.0 = Debug|Any CPU
		{1CACEE09-0395-467E-847F-DF4F0DB321E1}.Debug|Any CPU.Deploy.0 = Debug|Any CPU
		{1CACEE09-0395-467E-847F-DF4F0DB321E1}.Debug|iPhone.ActiveCfg = Debug|Any CPU
		{1CACEE09-0395-467E-847F-DF4F0DB321E1}.Debug|iPhone.Build.0 = Debug|Any CPU
		{1CACEE09-0395-467E-847F-DF4F0DB321E1}.Debug|iPhone.Deploy.0 = Debug|Any CPU
		{1CACEE09-0395-467E-847F-DF4F0DB321E1}.Debug|iPhoneSimulator.ActiveCfg = Debug|Any CPU
		{1CACEE09-0395-467E-847F-DF4F0DB321E1}.Debug|iPhoneSimulator.Build.0 = Debug|Any CPU
		{1CACEE09-0395-467E-847F-DF4F0DB321E1}.Debug|iPhoneSimulator.Deploy.0 = Debug|Any CPU
		{1CACEE09-0395-467E-847F-DF4F0DB321E1}.Release|Any CPU.ActiveCfg = Release|Any CPU
		{1CACEE09-0395-467E-847F-DF4F0DB321E1}.Release|Any CPU.Build.0 = Release|Any CPU
		{1CACEE09-0395-467E-847F-DF4F0DB321E1}.Release|Any CPU.Deploy.0 = Release|Any CPU
		{1CACEE09-0395-467E-847F-DF4F0DB321E1}.Release|iPhone.ActiveCfg = Release|Any CPU
		{1CACEE09-0395-467E-847F-DF4F0DB321E1}.Release|iPhone.Build.0 = Release|Any CPU
		{1CACEE09-0395-467E-847F-DF4F0DB321E1}.Release|iPhone.Deploy.0 = Release|Any CPU
		{1CACEE09-0395-467E-847F-DF4F0DB321E1}.Release|iPhoneSimulator.ActiveCfg = Release|Any CPU
		{1CACEE09-0395-467E-847F-DF4F0DB321E1}.Release|iPhoneSimulator.Build.0 = Release|Any CPU
		{1CACEE09-0395-467E-847F-DF4F0DB321E1}.Release|iPhoneSimulator.Deploy.0 = Release|Any CPU
		{BF8F78A5-6921-4AE3-803E-FF8F76D81CFA}.Debug|Any CPU.ActiveCfg = Debug|iPhone
		{BF8F78A5-6921-4AE3-803E-FF8F76D81CFA}.Debug|Any CPU.Build.0 = Debug|iPhone
		{BF8F78A5-6921-4AE3-803E-FF8F76D81CFA}.Debug|Any CPU.Deploy.0 = Debug|iPhone
		{BF8F78A5-6921-4AE3-803E-FF8F76D81CFA}.Debug|iPhone.ActiveCfg = Debug|iPhone
		{BF8F78A5-6921-4AE3-803E-FF8F76D81CFA}.Debug|iPhone.Build.0 = Debug|iPhone
		{BF8F78A5-6921-4AE3-803E-FF8F76D81CFA}.Debug|iPhone.Deploy.0 = Debug|iPhone
		{BF8F78A5-6921-4AE3-803E-FF8F76D81CFA}.Debug|iPhoneSimulator.ActiveCfg = Debug|iPhoneSimulator
		{BF8F78A5-6921-4AE3-803E-FF8F76D81CFA}.Debug|iPhoneSimulator.Build.0 = Debug|iPhoneSimulator
		{BF8F78A5-6921-4AE3-803E-FF8F76D81CFA}.Debug|iPhoneSimulator.Deploy.0 = Debug|iPhoneSimulator
		{BF8F78A5-6921-4AE3-803E-FF8F76D81CFA}.Release|Any CPU.ActiveCfg = Release|iPhoneSimulator
		{BF8F78A5-6921-4AE3-803E-FF8F76D81CFA}.Release|Any CPU.Build.0 = Release|iPhoneSimulator
		{BF8F78A5-6921-4AE3-803E-FF8F76D81CFA}.Release|Any CPU.Deploy.0 = Release|iPhoneSimulator
		{BF8F78A5-6921-4AE3-803E-FF8F76D81CFA}.Release|iPhone.ActiveCfg = Release|iPhone
		{BF8F78A5-6921-4AE3-803E-FF8F76D81CFA}.Release|iPhone.Build.0 = Release|iPhone
		{BF8F78A5-6921-4AE3-803E-FF8F76D81CFA}.Release|iPhone.Deploy.0 = Release|iPhone
		{BF8F78A5-6921-4AE3-803E-FF8F76D81CFA}.Release|iPhoneSimulator.ActiveCfg = Release|iPhoneSimulator
		{BF8F78A5-6921-4AE3-803E-FF8F76D81CFA}.Release|iPhoneSimulator.Build.0 = Release|iPhoneSimulator
		{BF8F78A5-6921-4AE3-803E-FF8F76D81CFA}.Release|iPhoneSimulator.Deploy.0 = Release|iPhoneSimulator
		{38A12F3B-315E-4F23-9B3F-ABCC82D3F8C9}.Debug|Any CPU.ActiveCfg = Debug|Any CPU
		{38A12F3B-315E-4F23-9B3F-ABCC82D3F8C9}.Debug|Any CPU.Build.0 = Debug|Any CPU
		{38A12F3B-315E-4F23-9B3F-ABCC82D3F8C9}.Debug|Any CPU.Deploy.0 = Debug|Any CPU
		{38A12F3B-315E-4F23-9B3F-ABCC82D3F8C9}.Debug|iPhone.ActiveCfg = Debug|Any CPU
		{38A12F3B-315E-4F23-9B3F-ABCC82D3F8C9}.Debug|iPhone.Build.0 = Debug|Any CPU
		{38A12F3B-315E-4F23-9B3F-ABCC82D3F8C9}.Debug|iPhone.Deploy.0 = Debug|Any CPU
		{38A12F3B-315E-4F23-9B3F-ABCC82D3F8C9}.Debug|iPhoneSimulator.ActiveCfg = Debug|Any CPU
		{38A12F3B-315E-4F23-9B3F-ABCC82D3F8C9}.Debug|iPhoneSimulator.Build.0 = Debug|Any CPU
		{38A12F3B-315E-4F23-9B3F-ABCC82D3F8C9}.Debug|iPhoneSimulator.Deploy.0 = Debug|Any CPU
		{38A12F3B-315E-4F23-9B3F-ABCC82D3F8C9}.Release|Any CPU.ActiveCfg = Release|Any CPU
		{38A12F3B-315E-4F23-9B3F-ABCC82D3F8C9}.Release|Any CPU.Build.0 = Release|Any CPU
		{38A12F3B-315E-4F23-9B3F-ABCC82D3F8C9}.Release|Any CPU.Deploy.0 = Release|Any CPU
		{38A12F3B-315E-4F23-9B3F-ABCC82D3F8C9}.Release|iPhone.ActiveCfg = Release|Any CPU
		{38A12F3B-315E-4F23-9B3F-ABCC82D3F8C9}.Release|iPhone.Build.0 = Release|Any CPU
		{38A12F3B-315E-4F23-9B3F-ABCC82D3F8C9}.Release|iPhone.Deploy.0 = Release|Any CPU
		{38A12F3B-315E-4F23-9B3F-ABCC82D3F8C9}.Release|iPhoneSimulator.ActiveCfg = Release|Any CPU
		{38A12F3B-315E-4F23-9B3F-ABCC82D3F8C9}.Release|iPhoneSimulator.Build.0 = Release|Any CPU
		{38A12F3B-315E-4F23-9B3F-ABCC82D3F8C9}.Release|iPhoneSimulator.Deploy.0 = Release|Any CPU
		{7CDBA409-AC56-40AD-9620-8CAF55AFBA92}.Debug|Any CPU.ActiveCfg = Debug|Any CPU
		{7CDBA409-AC56-40AD-9620-8CAF55AFBA92}.Debug|Any CPU.Build.0 = Debug|Any CPU
		{7CDBA409-AC56-40AD-9620-8CAF55AFBA92}.Debug|Any CPU.Deploy.0 = Debug|Any CPU
		{7CDBA409-AC56-40AD-9620-8CAF55AFBA92}.Debug|iPhone.ActiveCfg = Debug|Any CPU
		{7CDBA409-AC56-40AD-9620-8CAF55AFBA92}.Debug|iPhone.Build.0 = Debug|Any CPU
		{7CDBA409-AC56-40AD-9620-8CAF55AFBA92}.Debug|iPhone.Deploy.0 = Debug|Any CPU
		{7CDBA409-AC56-40AD-9620-8CAF55AFBA92}.Debug|iPhoneSimulator.ActiveCfg = Debug|Any CPU
		{7CDBA409-AC56-40AD-9620-8CAF55AFBA92}.Debug|iPhoneSimulator.Build.0 = Debug|Any CPU
		{7CDBA409-AC56-40AD-9620-8CAF55AFBA92}.Debug|iPhoneSimulator.Deploy.0 = Debug|Any CPU
		{7CDBA409-AC56-40AD-9620-8CAF55AFBA92}.Release|Any CPU.ActiveCfg = Release|Any CPU
		{7CDBA409-AC56-40AD-9620-8CAF55AFBA92}.Release|Any CPU.Build.0 = Release|Any CPU
		{7CDBA409-AC56-40AD-9620-8CAF55AFBA92}.Release|Any CPU.Deploy.0 = Release|Any CPU
		{7CDBA409-AC56-40AD-9620-8CAF55AFBA92}.Release|iPhone.ActiveCfg = Release|Any CPU
		{7CDBA409-AC56-40AD-9620-8CAF55AFBA92}.Release|iPhone.Build.0 = Release|Any CPU
		{7CDBA409-AC56-40AD-9620-8CAF55AFBA92}.Release|iPhone.Deploy.0 = Release|Any CPU
		{7CDBA409-AC56-40AD-9620-8CAF55AFBA92}.Release|iPhoneSimulator.ActiveCfg = Release|Any CPU
		{7CDBA409-AC56-40AD-9620-8CAF55AFBA92}.Release|iPhoneSimulator.Build.0 = Release|Any CPU
		{7CDBA409-AC56-40AD-9620-8CAF55AFBA92}.Release|iPhoneSimulator.Deploy.0 = Release|Any CPU
		{77BB9938-CC2E-41A5-88FD-C5C6E844C599}.Debug|Any CPU.ActiveCfg = Debug|iPhoneSimulator
		{77BB9938-CC2E-41A5-88FD-C5C6E844C599}.Debug|Any CPU.Build.0 = Debug|iPhoneSimulator
		{77BB9938-CC2E-41A5-88FD-C5C6E844C599}.Debug|iPhone.ActiveCfg = Debug|iPhone
		{77BB9938-CC2E-41A5-88FD-C5C6E844C599}.Debug|iPhone.Build.0 = Debug|iPhone
		{77BB9938-CC2E-41A5-88FD-C5C6E844C599}.Debug|iPhoneSimulator.ActiveCfg = Debug|iPhoneSimulator
		{77BB9938-CC2E-41A5-88FD-C5C6E844C599}.Debug|iPhoneSimulator.Build.0 = Debug|iPhoneSimulator
		{77BB9938-CC2E-41A5-88FD-C5C6E844C599}.Release|Any CPU.ActiveCfg = Release|iPhoneSimulator
		{77BB9938-CC2E-41A5-88FD-C5C6E844C599}.Release|Any CPU.Build.0 = Release|iPhoneSimulator
		{77BB9938-CC2E-41A5-88FD-C5C6E844C599}.Release|iPhone.ActiveCfg = Release|iPhone
		{77BB9938-CC2E-41A5-88FD-C5C6E844C599}.Release|iPhone.Build.0 = Release|iPhone
		{77BB9938-CC2E-41A5-88FD-C5C6E844C599}.Release|iPhoneSimulator.ActiveCfg = Release|iPhoneSimulator
		{77BB9938-CC2E-41A5-88FD-C5C6E844C599}.Release|iPhoneSimulator.Build.0 = Release|iPhoneSimulator
		{C9FBA6AC-593C-43D0-ACD7-6D9A24596830}.Debug|Any CPU.ActiveCfg = Debug|Any CPU
		{C9FBA6AC-593C-43D0-ACD7-6D9A24596830}.Debug|Any CPU.Build.0 = Debug|Any CPU
		{C9FBA6AC-593C-43D0-ACD7-6D9A24596830}.Debug|iPhone.ActiveCfg = Debug|Any CPU
		{C9FBA6AC-593C-43D0-ACD7-6D9A24596830}.Debug|iPhone.Build.0 = Debug|Any CPU
		{C9FBA6AC-593C-43D0-ACD7-6D9A24596830}.Debug|iPhoneSimulator.ActiveCfg = Debug|Any CPU
		{C9FBA6AC-593C-43D0-ACD7-6D9A24596830}.Debug|iPhoneSimulator.Build.0 = Debug|Any CPU
		{C9FBA6AC-593C-43D0-ACD7-6D9A24596830}.Release|Any CPU.ActiveCfg = Release|Any CPU
		{C9FBA6AC-593C-43D0-ACD7-6D9A24596830}.Release|Any CPU.Build.0 = Release|Any CPU
		{C9FBA6AC-593C-43D0-ACD7-6D9A24596830}.Release|iPhone.ActiveCfg = Release|Any CPU
		{C9FBA6AC-593C-43D0-ACD7-6D9A24596830}.Release|iPhone.Build.0 = Release|Any CPU
		{C9FBA6AC-593C-43D0-ACD7-6D9A24596830}.Release|iPhoneSimulator.ActiveCfg = Release|Any CPU
		{C9FBA6AC-593C-43D0-ACD7-6D9A24596830}.Release|iPhoneSimulator.Build.0 = Release|Any CPU
	EndGlobalSection
	GlobalSection(SolutionProperties) = preSolution
		HideSolutionNode = FALSE
	EndGlobalSection
	GlobalSection(ExtensibilityGlobals) = postSolution
		SolutionGuid = {17B5B999-6F25-4C1D-BF95-397152C929E7}
	EndGlobalSection
EndGlobal
